
Microsoft Visual Studio Solution File, Format Version 12.00
# Visual Studio Version 16
VisualStudioVersion = 16.0.28803.352
MinimumVisualStudioVersion = 10.0.40219.1
Project("{FAE04EC0-301F-11D3-BF4B-00C04F79EFBC}") = "NetzwerkClient", "NetzwerkClient\NetzwerkClient.csproj", "{C5ECED99-C100-48F2-A75D-692768670425}"
EndProject
Global
	GlobalSection(SolutionConfigurationPlatforms) = preSolution
		Debug|Any CPU = Debug|Any CPU
		Release|Any CPU = Release|Any CPU
	EndGlobalSection
	GlobalSection(ProjectConfigurationPlatforms) = postSolution
		{C5ECED99-C100-48F2-A75D-692768670425}.Debug|Any CPU.ActiveCfg = Debug|Any CPU
		{C5ECED99-C100-48F2-A75D-692768670425}.Debug|Any CPU.Build.0 = Debug|Any CPU
		{C5ECED99-C100-48F2-A75D-692768670425}.Release|Any CPU.ActiveCfg = Release|Any CPU
		{C5ECED99-C100-48F2-A75D-692768670425}.Release|Any CPU.Build.0 = Release|Any CPU
	EndGlobalSection
	GlobalSection(SolutionProperties) = preSolution
		HideSolutionNode = FALSE
	EndGlobalSection
	GlobalSection(ExtensibilityGlobals) = postSolution
		SolutionGuid = {C605237E-4187-432C-B3D4-69A85C52B952}
	EndGlobalSection
EndGlobal
